PODS:
  - Nimble (9.2.1)
  - Quick (5.0.1)
  - Starscream (4.0.8)

DEPENDENCIES:
  - Nimble (~> 9.2.1)
  - Quick (~> 5.0.1)
  - Starscream (~> 4.0.8)

SPEC REPOS:
  https://github.com/CocoaPods/Specs.git:
    - Nimble
    - Quick
    - Starscream

SPEC CHECKSUMS:
  Nimble: e7e615c0335ee4bf5b0d786685451e62746117d5
  Quick: 749aa754fd1e7d984f2000fe051e18a3a9809179
  Starscream: 19b5533ddb925208db698f0ac508a100b884a1b9

PODFILE CHECKSUM: 61f2c86069db518774c209f20fc0ce6ce3aca282

COCOAPODS: 1.16.2
