// !$*UTF8*$!
{
	archiveVersion = 1;
	classes = {
	};
	objectVersion = 46;
	objects = {

/* Begin PBXBuildFile section */
		06E1D4F61BB7699700E07321 /* AppDelegate.swift in Sources */ = {isa = PBXBuildFile; fileRef = 06E1D4F51BB7699700E07321 /* AppDelegate.swift */; };
		06E1D4F81BB7699700E07321 /* ViewController.swift in Sources */ = {isa = PBXBuildFile; fileRef = 06E1D4F71BB7699700E07321 /* ViewController.swift */; };
		06E1D4FB1BB7699800E07321 /* Main.storyboard in Resources */ = {isa = PBXBuildFile; fileRef = 06E1D4F91BB7699800E07321 /* Main.storyboard */; };
		06E1D4FD1BB7699800E07321 /* Assets.xcassets in Resources */ = {isa = PBXBuildFile; fileRef = 06E1D4FC1BB7699800E07321 /* Assets.xcassets */; };
		06E1D5001BB7699800E07321 /* LaunchScreen.storyboard in Resources */ = {isa = PBXBuildFile; fileRef = 06E1D4FE1BB7699800E07321 /* LaunchScreen.storyboard */; };
		06E1D50B1BB7699800E07321 /* ActorsTests.swift in Sources */ = {isa = PBXBuildFile; fileRef = 06E1D50A1BB7699800E07321 /* ActorsTests.swift */; };
		06E1D5211BB76EE300E07321 /* Theater.h in Headers */ = {isa = PBXBuildFile; fileRef = 06E1D5201BB76EE300E07321 /* Theater.h */; settings = {ATTRIBUTES = (Public, ); }; };
		06E1D5281BB76EE400E07321 /* Theater.framework in Frameworks */ = {isa = PBXBuildFile; fileRef = 06E1D51E1BB76EE300E07321 /* Theater.framework */; settings = {ASSET_TAGS = (); }; };
		06E1D52F1BB76EE400E07321 /* TheaterTests.swift in Sources */ = {isa = PBXBuildFile; fileRef = 06E1D52E1BB76EE400E07321 /* TheaterTests.swift */; };
		06E1D5331BB76EE400E07321 /* Theater.framework in Frameworks */ = {isa = PBXBuildFile; fileRef = 06E1D51E1BB76EE300E07321 /* Theater.framework */; };
		06E1D5341BB76EE400E07321 /* Theater.framework in Embed Frameworks */ = {isa = PBXBuildFile; fileRef = 06E1D51E1BB76EE300E07321 /* Theater.framework */; settings = {ATTRIBUTES = (CodeSignOnCopy, RemoveHeadersOnCopy, ); }; };
		06E1D53C1BB76F0800E07321 /* Message.swift in Sources */ = {isa = PBXBuildFile; fileRef = 06E1D5171BB76E2600E07321 /* Message.swift */; };
		06E1D53D1BB76F0B00E07321 /* Actor.swift in Sources */ = {isa = PBXBuildFile; fileRef = 06E1D5151BB769AA00E07321 /* Actor.swift */; };
		06E1D5401BB76F4B00E07321 /* ActorsDemo.swift in Sources */ = {isa = PBXBuildFile; fileRef = 06E1D53F1BB76F4B00E07321 /* ActorsDemo.swift */; settings = {ASSET_TAGS = (); }; };
		06E1D5441BB77D3500E07321 /* AccountsDemo.swift in Sources */ = {isa = PBXBuildFile; fileRef = 06E1D5431BB77D3500E07321 /* AccountsDemo.swift */; settings = {ASSET_TAGS = (); }; };
		06E1D5461BB77F4F00E07321 /* Try.swift in Sources */ = {isa = PBXBuildFile; fileRef = 06E1D5451BB77F4F00E07321 /* Try.swift */; settings = {ASSET_TAGS = (); }; };
/* End PBXBuildFile section */

/* Begin PBXContainerItemProxy section */
		06E1D5071BB7699800E07321 /* PBXContainerItemProxy */ = {
			isa = PBXContainerItemProxy;
			containerPortal = 06E1D4EA1BB7699700E07321 /* Project object */;
			proxyType = 1;
			remoteGlobalIDString = 06E1D4F11BB7699700E07321;
			remoteInfo = Actors;
		};
		06E1D5291BB76EE400E07321 /* PBXContainerItemProxy */ = {
			isa = PBXContainerItemProxy;
			containerPortal = 06E1D4EA1BB7699700E07321 /* Project object */;
			proxyType = 1;
			remoteGlobalIDString = 06E1D51D1BB76EE300E07321;
			remoteInfo = Theater;
		};
		06E1D52B1BB76EE400E07321 /* PBXContainerItemProxy */ = {
			isa = PBXContainerItemProxy;
			containerPortal = 06E1D4EA1BB7699700E07321 /* Project object */;
			proxyType = 1;
			remoteGlobalIDString = 06E1D4F11BB7699700E07321;
			remoteInfo = Actors;
		};
		06E1D5311BB76EE400E07321 /* PBXContainerItemProxy */ = {
			isa = PBXContainerItemProxy;
			containerPortal = 06E1D4EA1BB7699700E07321 /* Project object */;
			proxyType = 1;
			remoteGlobalIDString = 06E1D51D1BB76EE300E07321;
			remoteInfo = Theater;
		};
/* End PBXContainerItemProxy section */

/* Begin PBXCopyFilesBuildPhase section */
		06E1D5381BB76EE400E07321 /* Embed Frameworks */ = {
			isa = PBXCopyFilesBuildPhase;
			buildActionMask = 2147483647;
			dstPath = "";
			dstSubfolderSpec = 10;
			files = (
				06E1D5341BB76EE400E07321 /* Theater.framework in Embed Frameworks */,
			);
			name = "Embed Frameworks";
			runOnlyForDeploymentPostprocessing = 0;
		};
/* End PBXCopyFilesBuildPhase section */

/* Begin PBXFileReference section */
		06E1D4F21BB7699700E07321 /* Actors.app */ = {isa = PBXFileReference; explicitFileType = wrapper.application; includeInIndex = 0; path = Actors.app; sourceTree = BUILT_PRODUCTS_DIR; };
		06E1D4F51BB7699700E07321 /* AppDelegate.swift */ = {isa = PBXFileReference; lastKnownFileType = sourcecode.swift; path = AppDelegate.swift; sourceTree = "<group>"; };
		06E1D4F71BB7699700E07321 /* ViewController.swift */ = {isa = PBXFileReference; lastKnownFileType = sourcecode.swift; path = ViewController.swift; sourceTree = "<group>"; };
		06E1D4FA1BB7699800E07321 /* Base */ = {isa = PBXFileReference; lastKnownFileType = file.storyboard; name = Base; path = Base.lproj/Main.storyboard; sourceTree = "<group>"; };
		06E1D4FC1BB7699800E07321 /* Assets.xcassets */ = {isa = PBXFileReference; lastKnownFileType = folder.assetcatalog; path = Assets.xcassets; sourceTree = "<group>"; };
		06E1D4FF1BB7699800E07321 /* Base */ = {isa = PBXFileReference; lastKnownFileType = file.storyboard; name = Base; path = Base.lproj/LaunchScreen.storyboard; sourceTree = "<group>"; };
		06E1D5011BB7699800E07321 /* Info.plist */ = {isa = PBXFileReference; lastKnownFileType = text.plist.xml; path = Info.plist; sourceTree = "<group>"; };
		06E1D5061BB7699800E07321 /* ActorsTests.xctest */ = {isa = PBXFileReference; explicitFileType = wrapper.cfbundle; includeInIndex = 0; path = ActorsTests.xctest; sourceTree = BUILT_PRODUCTS_DIR; };
		06E1D50A1BB7699800E07321 /* ActorsTests.swift */ = {isa = PBXFileReference; lastKnownFileType = sourcecode.swift; path = ActorsTests.swift; sourceTree = "<group>"; };
		06E1D50C1BB7699800E07321 /* Info.plist */ = {isa = PBXFileReference; lastKnownFileType = text.plist.xml; path = Info.plist; sourceTree = "<group>"; };
		06E1D5151BB769AA00E07321 /* Actor.swift */ = {isa = PBXFileReference; fileEncoding = 4; lastKnownFileType = sourcecode.swift; name = Actor.swift; path = ../Actors/Actor.swift; sourceTree = "<group>"; };
		06E1D5171BB76E2600E07321 /* Message.swift */ = {isa = PBXFileReference; fileEncoding = 4; lastKnownFileType = sourcecode.swift; name = Message.swift; path = ../Actors/Message.swift; sourceTree = "<group>"; };
		06E1D51E1BB76EE300E07321 /* Theater.framework */ = {isa = PBXFileReference; explicitFileType = wrapper.framework; includeInIndex = 0; path = Theater.framework; sourceTree = BUILT_PRODUCTS_DIR; };
		06E1D5201BB76EE300E07321 /* Theater.h */ = {isa = PBXFileReference; lastKnownFileType = sourcecode.c.h; path = Theater.h; sourceTree = "<group>"; };
		06E1D5221BB76EE300E07321 /* Info.plist */ = {isa = PBXFileReference; lastKnownFileType = text.plist.xml; path = Info.plist; sourceTree = "<group>"; };
		06E1D5271BB76EE400E07321 /* TheaterTests.xctest */ = {isa = PBXFileReference; explicitFileType = wrapper.cfbundle; includeInIndex = 0; path = TheaterTests.xctest; sourceTree = BUILT_PRODUCTS_DIR; };
		06E1D52E1BB76EE400E07321 /* TheaterTests.swift */ = {isa = PBXFileReference; lastKnownFileType = sourcecode.swift; path = TheaterTests.swift; sourceTree = "<group>"; };
		06E1D5301BB76EE400E07321 /* Info.plist */ = {isa = PBXFileReference; lastKnownFileType = text.plist.xml; path = Info.plist; sourceTree = "<group>"; };
		06E1D53F1BB76F4B00E07321 /* ActorsDemo.swift */ = {isa = PBXFileReference; fileEncoding = 4; lastKnownFileType = sourcecode.swift; path = ActorsDemo.swift; sourceTree = "<group>"; };
		06E1D5431BB77D3500E07321 /* AccountsDemo.swift */ = {isa = PBXFileReference; fileEncoding = 4; lastKnownFileType = sourcecode.swift; path = AccountsDemo.swift; sourceTree = "<group>"; };
		06E1D5451BB77F4F00E07321 /* Try.swift */ = {isa = PBXFileReference; fileEncoding = 4; lastKnownFileType = sourcecode.swift; path = Try.swift; sourceTree = "<group>"; };
/* End PBXFileReference section */

/* Begin PBXFrameworksBuildPhase section */
		06E1D4EF1BB7699700E07321 /* Frameworks */ = {
			isa = PBXFrameworksBuildPhase;
			buildActionMask = 2147483647;
			files = (
				06E1D5331BB76EE400E07321 /* Theater.framework in Frameworks */,
			);
			runOnlyForDeploymentPostprocessing = 0;
		};
		06E1D5031BB7699800E07321 /* Frameworks */ = {
			isa = PBXFrameworksBuildPhase;
			buildActionMask = 2147483647;
			files = (
			);
			runOnlyForDeploymentPostprocessing = 0;
		};
		06E1D51A1BB76EE300E07321 /* Frameworks */ = {
			isa = PBXFrameworksBuildPhase;
			buildActionMask = 2147483647;
			files = (
			);
			runOnlyForDeploymentPostprocessing = 0;
		};
		06E1D5241BB76EE400E07321 /* Frameworks */ = {
			isa = PBXFrameworksBuildPhase;
			buildActionMask = 2147483647;
			files = (
				06E1D5281BB76EE400E07321 /* Theater.framework in Frameworks */,
			);
			runOnlyForDeploymentPostprocessing = 0;
		};
/* End PBXFrameworksBuildPhase section */

/* Begin PBXGroup section */
		06E1D4E91BB7699700E07321 = {
			isa = PBXGroup;
			children = (
				06E1D4F41BB7699700E07321 /* Actors */,
				06E1D5091BB7699800E07321 /* ActorsTests */,
				06E1D51F1BB76EE300E07321 /* Theater */,
				06E1D52D1BB76EE400E07321 /* TheaterTests */,
				06E1D4F31BB7699700E07321 /* Products */,
			);
			sourceTree = "<group>";
		};
		06E1D4F31BB7699700E07321 /* Products */ = {
			isa = PBXGroup;
			children = (
				06E1D4F21BB7699700E07321 /* Actors.app */,
				06E1D5061BB7699800E07321 /* ActorsTests.xctest */,
				06E1D51E1BB76EE300E07321 /* Theater.framework */,
				06E1D5271BB76EE400E07321 /* TheaterTests.xctest */,
			);
			name = Products;
			sourceTree = "<group>";
		};
		06E1D4F41BB7699700E07321 /* Actors */ = {
			isa = PBXGroup;
			children = (
				06E1D4F51BB7699700E07321 /* AppDelegate.swift */,
				06E1D53F1BB76F4B00E07321 /* ActorsDemo.swift */,
				06E1D5431BB77D3500E07321 /* AccountsDemo.swift */,
				06E1D4F71BB7699700E07321 /* ViewController.swift */,
				06E1D4F91BB7699800E07321 /* Main.storyboard */,
				06E1D4FC1BB7699800E07321 /* Assets.xcassets */,
				06E1D4FE1BB7699800E07321 /* LaunchScreen.storyboard */,
				06E1D5011BB7699800E07321 /* Info.plist */,
			);
			path = Actors;
			sourceTree = "<group>";
		};
		06E1D5091BB7699800E07321 /* ActorsTests */ = {
			isa = PBXGroup;
			children = (
				06E1D50A1BB7699800E07321 /* ActorsTests.swift */,
				06E1D50C1BB7699800E07321 /* Info.plist */,
			);
			path = ActorsTests;
			sourceTree = "<group>";
		};
		06E1D51F1BB76EE300E07321 /* Theater */ = {
			isa = PBXGroup;
			children = (
				06E1D5171BB76E2600E07321 /* Message.swift */,
				06E1D5151BB769AA00E07321 /* Actor.swift */,
				06E1D5451BB77F4F00E07321 /* Try.swift */,
				06E1D5201BB76EE300E07321 /* Theater.h */,
				06E1D5221BB76EE300E07321 /* Info.plist */,
			);
			path = Theater;
			sourceTree = "<group>";
		};
		06E1D52D1BB76EE400E07321 /* TheaterTests */ = {
			isa = PBXGroup;
			children = (
				06E1D52E1BB76EE400E07321 /* TheaterTests.swift */,
				06E1D5301BB76EE400E07321 /* Info.plist */,
			);
			path = TheaterTests;
			sourceTree = "<group>";
		};
/* End PBXGroup section */

/* Begin PBXHeadersBuildPhase section */
		06E1D51B1BB76EE300E07321 /* Headers */ = {
			isa = PBXHeadersBuildPhase;
			buildActionMask = 2147483647;
			files = (
				06E1D5211BB76EE300E07321 /* Theater.h in Headers */,
			);
			runOnlyForDeploymentPostprocessing = 0;
		};
/* End PBXHeadersBuildPhase section */

/* Begin PBXNativeTarget section */
		06E1D4F11BB7699700E07321 /* Actors */ = {
			isa = PBXNativeTarget;
			buildConfigurationList = 06E1D50F1BB7699800E07321 /* Build configuration list for PBXNativeTarget "Actors" */;
			buildPhases = (
				06E1D4EE1BB7699700E07321 /* Sources */,
				06E1D4EF1BB7699700E07321 /* Frameworks */,
				06E1D4F01BB7699700E07321 /* Resources */,
				06E1D5381BB76EE400E07321 /* Embed Frameworks */,
			);
			buildRules = (
			);
			dependencies = (
				06E1D5321BB76EE400E07321 /* PBXTargetDependency */,
			);
			name = Actors;
			productName = Actors;
			productReference = 06E1D4F21BB7699700E07321 /* Actors.app */;
			productType = "com.apple.product-type.application";
		};
		06E1D5051BB7699800E07321 /* ActorsTests */ = {
			isa = PBXNativeTarget;
			buildConfigurationList = 06E1D5121BB7699800E07321 /* Build configuration list for PBXNativeTarget "ActorsTests" */;
			buildPhases = (
				06E1D5021BB7699800E07321 /* Sources */,
				06E1D5031BB7699800E07321 /* Frameworks */,
				06E1D5041BB7699800E07321 /* Resources */,
			);
			buildRules = (
			);
			dependencies = (
				06E1D5081BB7699800E07321 /* PBXTargetDependency */,
			);
			name = ActorsTests;
			productName = ActorsTests;
			productReference = 06E1D5061BB7699800E07321 /* ActorsTests.xctest */;
			productType = "com.apple.product-type.bundle.unit-test";
		};
		06E1D51D1BB76EE300E07321 /* Theater */ = {
			isa = PBXNativeTarget;
			buildConfigurationList = 06E1D5351BB76EE400E07321 /* Build configuration list for PBXNativeTarget "Theater" */;
			buildPhases = (
				06E1D5191BB76EE300E07321 /* Sources */,
				06E1D51A1BB76EE300E07321 /* Frameworks */,
				06E1D51B1BB76EE300E07321 /* Headers */,
				06E1D51C1BB76EE300E07321 /* Resources */,
			);
			buildRules = (
			);
			dependencies = (
			);
			name = Theater;
			productName = Theater;
			productReference = 06E1D51E1BB76EE300E07321 /* Theater.framework */;
			productType = "com.apple.product-type.framework";
		};
		06E1D5261BB76EE400E07321 /* TheaterTests */ = {
			isa = PBXNativeTarget;
			buildConfigurationList = 06E1D5391BB76EE400E07321 /* Build configuration list for PBXNativeTarget "TheaterTests" */;
			buildPhases = (
				06E1D5231BB76EE400E07321 /* Sources */,
				06E1D5241BB76EE400E07321 /* Frameworks */,
				06E1D5251BB76EE400E07321 /* Resources */,
			);
			buildRules = (
			);
			dependencies = (
				06E1D52A1BB76EE400E07321 /* PBXTargetDependency */,
				06E1D52C1BB76EE400E07321 /* PBXTargetDependency */,
			);
			name = TheaterTests;
			productName = TheaterTests;
			productReference = 06E1D5271BB76EE400E07321 /* TheaterTests.xctest */;
			productType = "com.apple.product-type.bundle.unit-test";
		};
/* End PBXNativeTarget section */

/* Begin PBXProject section */
		06E1D4EA1BB7699700E07321 /* Project object */ = {
			isa = PBXProject;
			attributes = {
				LastUpgradeCheck = 0700;
				ORGANIZATIONNAME = dario;
				TargetAttributes = {
					06E1D4F11BB7699700E07321 = {
						CreatedOnToolsVersion = 7.0;
					};
					06E1D5051BB7699800E07321 = {
						CreatedOnToolsVersion = 7.0;
						TestTargetID = 06E1D4F11BB7699700E07321;
					};
					06E1D51D1BB76EE300E07321 = {
						CreatedOnToolsVersion = 7.0;
					};
					06E1D5261BB76EE400E07321 = {
						CreatedOnToolsVersion = 7.0;
						TestTargetID = 06E1D4F11BB7699700E07321;
					};
				};
			};
			buildConfigurationList = 06E1D4ED1BB7699700E07321 /* Build configuration list for PBXProject "Actors" */;
			compatibilityVersion = "Xcode 3.2";
			developmentRegion = English;
			hasScannedForEncodings = 0;
			knownRegions = (
				en,
				Base,
			);
			mainGroup = 06E1D4E91BB7699700E07321;
			productRefGroup = 06E1D4F31BB7699700E07321 /* Products */;
			projectDirPath = "";
			projectRoot = "";
			targets = (
				06E1D4F11BB7699700E07321 /* Actors */,
				06E1D5051BB7699800E07321 /* ActorsTests */,
				06E1D51D1BB76EE300E07321 /* Theater */,
				06E1D5261BB76EE400E07321 /* TheaterTests */,
			);
		};
/* End PBXProject section */

/* Begin PBXResourcesBuildPhase section */
		06E1D4F01BB7699700E07321 /* Resources */ = {
			isa = PBXResourcesBuildPhase;
			buildActionMask = 2147483647;
			files = (
				06E1D5001BB7699800E07321 /* LaunchScreen.storyboard in Resources */,
				06E1D4FD1BB7699800E07321 /* Assets.xcassets in Resources */,
				06E1D4FB1BB7699800E07321 /* Main.storyboard in Resources */,
			);
			runOnlyForDeploymentPostprocessing = 0;
		};
		06E1D5041BB7699800E07321 /* Resources */ = {
			isa = PBXResourcesBuildPhase;
			buildActionMask = 2147483647;
			files = (
			);
			runOnlyForDeploymentPostprocessing = 0;
		};
		06E1D51C1BB76EE300E07321 /* Resources */ = {
			isa = PBXResourcesBuildPhase;
			buildActionMask = 2147483647;
			files = (
			);
			runOnlyForDeploymentPostprocessing = 0;
		};
		06E1D5251BB76EE400E07321 /* Resources */ = {
			isa = PBXResourcesBuildPhase;
			buildActionMask = 2147483647;
			files = (
			);
			runOnlyForDeploymentPostprocessing = 0;
		};
/* End PBXResourcesBuildPhase section */

/* Begin PBXSourcesBuildPhase section */
		06E1D4EE1BB7699700E07321 /* Sources */ = {
			isa = PBXSourcesBuildPhase;
			buildActionMask = 2147483647;
			files = (
				06E1D4F81BB7699700E07321 /* ViewController.swift in Sources */,
				06E1D5401BB76F4B00E07321 /* ActorsDemo.swift in Sources */,
				06E1D5441BB77D3500E07321 /* AccountsDemo.swift in Sources */,
				06E1D4F61BB7699700E07321 /* AppDelegate.swift in Sources */,
			);
			runOnlyForDeploymentPostprocessing = 0;
		};
		06E1D5021BB7699800E07321 /* Sources */ = {
			isa = PBXSourcesBuildPhase;
			buildActionMask = 2147483647;
			files = (
				06E1D50B1BB7699800E07321 /* ActorsTests.swift in Sources */,
			);
			runOnlyForDeploymentPostprocessing = 0;
		};
		06E1D5191BB76EE300E07321 /* Sources */ = {
			isa = PBXSourcesBuildPhase;
			buildActionMask = 2147483647;
			files = (
				06E1D5461BB77F4F00E07321 /* Try.swift in Sources */,
				06E1D53C1BB76F0800E07321 /* Message.swift in Sources */,
				06E1D53D1BB76F0B00E07321 /* Actor.swift in Sources */,
			);
			runOnlyForDeploymentPostprocessing = 0;
		};
		06E1D5231BB76EE400E07321 /* Sources */ = {
			isa = PBXSourcesBuildPhase;
			buildActionMask = 2147483647;
			files = (
				06E1D52F1BB76EE400E07321 /* TheaterTests.swift in Sources */,
			);
			runOnlyForDeploymentPostprocessing = 0;
		};
/* End PBXSourcesBuildPhase section */

/* Begin PBXTargetDependency section */
		06E1D5081BB7699800E07321 /* PBXTargetDependency */ = {
			isa = PBXTargetDependency;
			target = 06E1D4F11BB7699700E07321 /* Actors */;
			targetProxy = 06E1D5071BB7699800E07321 /* PBXContainerItemProxy */;
		};
		06E1D52A1BB76EE400E07321 /* PBXTargetDependency */ = {
			isa = PBXTargetDependency;
			target = 06E1D51D1BB76EE300E07321 /* Theater */;
			targetProxy = 06E1D5291BB76EE400E07321 /* PBXContainerItemProxy */;
		};
		06E1D52C1BB76EE400E07321 /* PBXTargetDependency */ = {
			isa = PBXTargetDependency;
			target = 06E1D4F11BB7699700E07321 /* Actors */;
			targetProxy = 06E1D52B1BB76EE400E07321 /* PBXContainerItemProxy */;
		};
		06E1D5321BB76EE400E07321 /* PBXTargetDependency */ = {
			isa = PBXTargetDependency;
			target = 06E1D51D1BB76EE300E07321 /* Theater */;
			targetProxy = 06E1D5311BB76EE400E07321 /* PBXContainerItemProxy */;
		};
/* End PBXTargetDependency section */

/* Begin PBXVariantGroup section */
		06E1D4F91BB7699800E07321 /* Main.storyboard */ = {
			isa = PBXVariantGroup;
			children = (
				06E1D4FA1BB7699800E07321 /* Base */,
			);
			name = Main.storyboard;
			sourceTree = "<group>";
		};
		06E1D4FE1BB7699800E07321 /* LaunchScreen.storyboard */ = {
			isa = PBXVariantGroup;
			children = (
				06E1D4FF1BB7699800E07321 /* Base */,
			);
			name = LaunchScreen.storyboard;
			sourceTree = "<group>";
		};
/* End PBXVariantGroup section */

/* Begin XCBuildConfiguration section */
		06E1D50D1BB7699800E07321 /* Debug */ = {
			isa = XCBuildConfiguration;
			buildSettings = {
				ALWAYS_SEARCH_USER_PATHS = NO;
				CLANG_CXX_LANGUAGE_STANDARD = "gnu++0x";
				CLANG_CXX_LIBRARY = "libc++";
				CLANG_ENABLE_MODULES = YES;
				CLANG_ENABLE_OBJC_ARC = YES;
				CLANG_WARN_BOOL_CONVERSION = YES;
				CLANG_WARN_CONSTANT_CONVERSION = YES;
				CLANG_WARN_DIRECT_OBJC_ISA_USAGE = YES_ERROR;
				CLANG_WARN_EMPTY_BODY = YES;
				CLANG_WARN_ENUM_CONVERSION = YES;
				CLANG_WARN_INT_CONVERSION = YES;
				CLANG_WARN_OBJC_ROOT_CLASS = YES_ERROR;
				CLANG_WARN_UNREACHABLE_CODE = YES;
				CLANG_WARN__DUPLICATE_METHOD_MATCH = YES;
				"CODE_SIGN_IDENTITY[sdk=iphoneos*]" = "iPhone Developer";
				COPY_PHASE_STRIP = NO;
				DEBUG_INFORMATION_FORMAT = dwarf;
				ENABLE_STRICT_OBJC_MSGSEND = YES;
				ENABLE_TESTABILITY = YES;
				GCC_C_LANGUAGE_STANDARD = gnu99;
				GCC_DYNAMIC_NO_PIC = NO;
				GCC_NO_COMMON_BLOCKS = YES;
				GCC_OPTIMIZATION_LEVEL = 0;
				GCC_PREPROCESSOR_DEFINITIONS = (
					"DEBUG=1",
					"$(inherited)",
				);
				GCC_WARN_64_TO_32_BIT_CONVERSION = YES;
				GCC_WARN_ABOUT_RETURN_TYPE = YES_ERROR;
				GCC_WARN_UNDECLARED_SELECTOR = YES;
				GCC_WARN_UNINITIALIZED_AUTOS = YES_AGGRESSIVE;
				GCC_WARN_UNUSED_FUNCTION = YES;
				GCC_WARN_UNUSED_VARIABLE = YES;
				IPHONEOS_DEPLOYMENT_TARGET = 8.0;
				MTL_ENABLE_DEBUG_INFO = YES;
				ONLY_ACTIVE_ARCH = YES;
				SDKROOT = iphoneos;
				SWIFT_OPTIMIZATION_LEVEL = "-Onone";
				TARGETED_DEVICE_FAMILY = "1,2";
			};
			name = Debug;
		};
		06E1D50E1BB7699800E07321 /* Release */ = {
			isa = XCBuildConfiguration;
			buildSettings = {
				ALWAYS_SEARCH_USER_PATHS = NO;
				CLANG_CXX_LANGUAGE_STANDARD = "gnu++0x";
				CLANG_CXX_LIBRARY = "libc++";
				CLANG_ENABLE_MODULES = YES;
				CLANG_ENABLE_OBJC_ARC = YES;
				CLANG_WARN_BOOL_CONVERSION = YES;
				CLANG_WARN_CONSTANT_CONVERSION = YES;
				CLANG_WARN_DIRECT_OBJC_ISA_USAGE = YES_ERROR;
				CLANG_WARN_EMPTY_BODY = YES;
				CLANG_WARN_ENUM_CONVERSION = YES;
				CLANG_WARN_INT_CONVERSION = YES;
				CLANG_WARN_OBJC_ROOT_CLASS = YES_ERROR;
				CLANG_WARN_UNREACHABLE_CODE = YES;
				CLANG_WARN__DUPLICATE_METHOD_MATCH = YES;
				"CODE_SIGN_IDENTITY[sdk=iphoneos*]" = "iPhone Developer";
				COPY_PHASE_STRIP = NO;
				DEBUG_INFORMATION_FORMAT = "dwarf-with-dsym";
				ENABLE_NS_ASSERTIONS = NO;
				ENABLE_STRICT_OBJC_MSGSEND = YES;
				GCC_C_LANGUAGE_STANDARD = gnu99;
				GCC_NO_COMMON_BLOCKS = YES;
				GCC_WARN_64_TO_32_BIT_CONVERSION = YES;
				GCC_WARN_ABOUT_RETURN_TYPE = YES_ERROR;
				GCC_WARN_UNDECLARED_SELECTOR = YES;
				GCC_WARN_UNINITIALIZED_AUTOS = YES_AGGRESSIVE;
				GCC_WARN_UNUSED_FUNCTION = YES;
				GCC_WARN_UNUSED_VARIABLE = YES;
				IPHONEOS_DEPLOYMENT_TARGET = 8.0;
				MTL_ENABLE_DEBUG_INFO = NO;
				SDKROOT = iphoneos;
				TARGETED_DEVICE_FAMILY = "1,2";
				VALIDATE_PRODUCT = YES;
			};
			name = Release;
		};
		06E1D5101BB7699800E07321 /* Debug */ = {
			isa = XCBuildConfiguration;
			buildSettings = {
				ASSETCATALOG_COMPILER_APPICON_NAME = AppIcon;
				EMBEDDED_CONTENT_CONTAINS_SWIFT = YES;
				INFOPLIST_FILE = Actors/Info.plist;
				LD_RUNPATH_SEARCH_PATHS = "$(inherited) @executable_path/Frameworks";
				PRODUCT_BUNDLE_IDENTIFIER = dario.Actors;
				PRODUCT_NAME = "$(TARGET_NAME)";
			};
			name = Debug;
		};
		06E1D5111BB7699800E07321 /* Release */ = {
			isa = XCBuildConfiguration;
			buildSettings = {
				ASSETCATALOG_COMPILER_APPICON_NAME = AppIcon;
				EMBEDDED_CONTENT_CONTAINS_SWIFT = YES;
				INFOPLIST_FILE = Actors/Info.plist;
				LD_RUNPATH_SEARCH_PATHS = "$(inherited) @executable_path/Frameworks";
				PRODUCT_BUNDLE_IDENTIFIER = dario.Actors;
				PRODUCT_NAME = "$(TARGET_NAME)";
			};
			name = Release;
		};
		06E1D5131BB7699800E07321 /* Debug */ = {
			isa = XCBuildConfiguration;
			buildSettings = {
				BUNDLE_LOADER = "$(TEST_HOST)";
				INFOPLIST_FILE = ActorsTests/Info.plist;
				LD_RUNPATH_SEARCH_PATHS = "$(inherited) @executable_path/Frameworks @loader_path/Frameworks";
				PRODUCT_BUNDLE_IDENTIFIER = dario.ActorsTests;
				PRODUCT_NAME = "$(TARGET_NAME)";
				TEST_HOST = "$(BUILT_PRODUCTS_DIR)/Actors.app/Actors";
			};
			name = Debug;
		};
		06E1D5141BB7699800E07321 /* Release */ = {
			isa = XCBuildConfiguration;
			buildSettings = {
				BUNDLE_LOADER = "$(TEST_HOST)";
				INFOPLIST_FILE = ActorsTests/Info.plist;
				LD_RUNPATH_SEARCH_PATHS = "$(inherited) @executable_path/Frameworks @loader_path/Frameworks";
				PRODUCT_BUNDLE_IDENTIFIER = dario.ActorsTests;
				PRODUCT_NAME = "$(TARGET_NAME)";
				TEST_HOST = "$(BUILT_PRODUCTS_DIR)/Actors.app/Actors";
			};
			name = Release;
		};
		06E1D5361BB76EE400E07321 /* Debug */ = {
			isa = XCBuildConfiguration;
			buildSettings = {
				CURRENT_PROJECT_VERSION = 1;
				DEFINES_MODULE = YES;
				DYLIB_COMPATIBILITY_VERSION = 1;
				DYLIB_CURRENT_VERSION = 1;
				DYLIB_INSTALL_NAME_BASE = "@rpath";
				INFOPLIST_FILE = Theater/Info.plist;
				INSTALL_PATH = "$(LOCAL_LIBRARY_DIR)/Frameworks";
				LD_RUNPATH_SEARCH_PATHS = "$(inherited) @executable_path/Frameworks @loader_path/Frameworks";
				PRODUCT_BUNDLE_IDENTIFIER = dario.Theater;
				PRODUCT_NAME = "$(TARGET_NAME)";
				SKIP_INSTALL = YES;
				VERSIONING_SYSTEM = "apple-generic";
				VERSION_INFO_PREFIX = "";
			};
			name = Debug;
		};
		06E1D5371BB76EE400E07321 /* Release */ = {
			isa = XCBuildConfiguration;
			buildSettings = {
				CURRENT_PROJECT_VERSION = 1;
				DEFINES_MODULE = YES;
				DYLIB_COMPATIBILITY_VERSION = 1;
				DYLIB_CURRENT_VERSION = 1;
				DYLIB_INSTALL_NAME_BASE = "@rpath";
				INFOPLIST_FILE = Theater/Info.plist;
				INSTALL_PATH = "$(LOCAL_LIBRARY_DIR)/Frameworks";
				LD_RUNPATH_SEARCH_PATHS = "$(inherited) @executable_path/Frameworks @loader_path/Frameworks";
				PRODUCT_BUNDLE_IDENTIFIER = dario.Theater;
				PRODUCT_NAME = "$(TARGET_NAME)";
				SKIP_INSTALL = YES;
				VERSIONING_SYSTEM = "apple-generic";
				VERSION_INFO_PREFIX = "";
			};
			name = Release;
		};
		06E1D53A1BB76EE400E07321 /* Debug */ = {
			isa = XCBuildConfiguration;
			buildSettings = {
				INFOPLIST_FILE = TheaterTests/Info.plist;
				LD_RUNPATH_SEARCH_PATHS = "$(inherited) @executable_path/Frameworks @loader_path/Frameworks";
				PRODUCT_BUNDLE_IDENTIFIER = dario.TheaterTests;
				PRODUCT_NAME = "$(TARGET_NAME)";
				TEST_HOST = "$(BUILT_PRODUCTS_DIR)/Actors.app/Actors";
			};
			name = Debug;
		};
		06E1D53B1BB76EE400E07321 /* Release */ = {
			isa = XCBuildConfiguration;
			buildSettings = {
				INFOPLIST_FILE = TheaterTests/Info.plist;
				LD_RUNPATH_SEARCH_PATHS = "$(inherited) @executable_path/Frameworks @loader_path/Frameworks";
				PRODUCT_BUNDLE_IDENTIFIER = dario.TheaterTests;
				PRODUCT_NAME = "$(TARGET_NAME)";
				TEST_HOST = "$(BUILT_PRODUCTS_DIR)/Actors.app/Actors";
			};
			name = Release;
		};
/* End XCBuildConfiguration section */

/* Begin XCConfigurationList section */
		06E1D4ED1BB7699700E07321 /* Build configuration list for PBXProject "Actors" */ = {
			isa = XCConfigurationList;
			buildConfigurations = (
				06E1D50D1BB7699800E07321 /* Debug */,
				06E1D50E1BB7699800E07321 /* Release */,
			);
			defaultConfigurationIsVisible = 0;
			defaultConfigurationName = Release;
		};
		06E1D50F1BB7699800E07321 /* Build configuration list for PBXNativeTarget "Actors" */ = {
			isa = XCConfigurationList;
			buildConfigurations = (
				06E1D5101BB7699800E07321 /* Debug */,
				06E1D5111BB7699800E07321 /* Release */,
			);
			defaultConfigurationIsVisible = 0;
		};
		06E1D5121BB7699800E07321 /* Build configuration list for PBXNativeTarget "ActorsTests" */ = {
			isa = XCConfigurationList;
			buildConfigurations = (
				06E1D5131BB7699800E07321 /* Debug */,
				06E1D5141BB7699800E07321 /* Release */,
			);
			defaultConfigurationIsVisible = 0;
		};
		06E1D5351BB76EE400E07321 /* Build configuration list for PBXNativeTarget "Theater" */ = {
			isa = XCConfigurationList;
			buildConfigurations = (
				06E1D5361BB76EE400E07321 /* Debug */,
				06E1D5371BB76EE400E07321 /* Release */,
			);
			defaultConfigurationIsVisible = 0;
		};
		06E1D5391BB76EE400E07321 /* Build configuration list for PBXNativeTarget "TheaterTests" */ = {
			isa = XCConfigurationList;
			buildConfigurations = (
				06E1D53A1BB76EE400E07321 /* Debug */,
				06E1D53B1BB76EE400E07321 /* Release */,
			);
			defaultConfigurationIsVisible = 0;
		};
/* End XCConfigurationList section */
	};
	rootObject = 06E1D4EA1BB7699700E07321 /* Project object */;
}
